// !$*UTF8*$!
{
	archiveVersion = 1;
	classes = {
	};
	objectVersion = 77;
	objects = {

/* Begin PBXBuildFile section */
		6BB269BC2E5B4219006466CF /* ItemDetailView.swift in Sources */ = {isa = PBXBuildFile; fileRef = 6BB269BB2E5B4219006466CF /* ItemDetailView.swift */; };
		6BB269BE2E5B42BA006466CF /* EditItemView.swift in Sources */ = {isa = PBXBuildFile; fileRef = 6BB269BD2E5B42BA006466CF /* EditItemView.swift */; };
		6BB269C12E5D3C27006466CF /* StyleSelectorView.swift in Sources */ = {isa = PBXBuildFile; fileRef = 6BB269C02E5D3C27006466CF /* StyleSelectorView.swift */; };
		6BC0819E2E60C76200351CA8 /* OccasionPickerView.swift in Sources */ = {isa = PBXBuildFile; fileRef = 6BC0819D2E60C76200351CA8 /* OccasionPickerView.swift */; };
		6BC081A12E60CB8800351CA8 /* OpenAI in Frameworks */ = {isa = PBXBuildFile; productRef = 6BC081A02E60CB8800351CA8 /* OpenAI */; };
		6BC081A32E60D8D600351CA8 /* OpenAIService.swift in Sources */ = {isa = PBXBuildFile; fileRef = 6BC081A22E60D8D600351CA8 /* OpenAIService.swift */; };
		6BE628552E56398C00ACF60D /* WardrobeView.swift in Sources */ = {isa = PBXBuildFile; fileRef = 6BE628542E56398C00ACF60D /* WardrobeView.swift */; };
		6BE628572E5639AA00ACF60D /* OutfitsView.swift in Sources */ = {isa = PBXBuildFile; fileRef = 6BE628562E5639AA00ACF60D /* OutfitsView.swift */; };
		6BE628592E5639B900ACF60D /* StyleView.swift in Sources */ = {isa = PBXBuildFile; fileRef = 6BE628582E5639B900ACF60D /* StyleView.swift */; };
		6BE6285B2E564DFC00ACF60D /* WelcomeView.swift in Sources */ = {isa = PBXBuildFile; fileRef = 6BE6285A2E564DFC00ACF60D /* WelcomeView.swift */; };
		6BE628712E58AD7E00ACF60D /* CategoryPicker.swift in Sources */ = {isa = PBXBuildFile; fileRef = 6BE628702E58AD7E00ACF60D /* CategoryPicker.swift */; };
		6BE628732E58B09800ACF60D /* ClothingItem.swift in Sources */ = {isa = PBXBuildFile; fileRef = 6BE628722E58B09800ACF60D /* ClothingItem.swift */; };
		6BE628752E58B19800ACF60D /* AddItemView.swift in Sources */ = {isa = PBXBuildFile; fileRef = 6BE628742E58B19800ACF60D /* AddItemView.swift */; };
/* End PBXBuildFile section */

/* Begin PBXFileReference section */
		6BB269BB2E5B4219006466CF /* ItemDetailView.swift */ = {isa = PBXFileReference; lastKnownFileType = sourcecode.swift; path = ItemDetailView.swift; sourceTree = "<group>"; };
		6BB269BD2E5B42BA006466CF /* EditItemView.swift */ = {isa = PBXFileReference; lastKnownFileType = sourcecode.swift; path = EditItemView.swift; sourceTree = "<group>"; };
		6BB269C02E5D3C27006466CF /* StyleSelectorView.swift */ = {isa = PBXFileReference; lastKnownFileType = sourcecode.swift; path = StyleSelectorView.swift; sourceTree = "<group>"; };
		6BC0819D2E60C76200351CA8 /* OccasionPickerView.swift */ = {isa = PBXFileReference; lastKnownFileType = sourcecode.swift; path = OccasionPickerView.swift; sourceTree = "<group>"; };
		6BC081A22E60D8D600351CA8 /* OpenAIService.swift */ = {isa = PBXFileReference; lastKnownFileType = sourcecode.swift; path = OpenAIService.swift; sourceTree = "<group>"; };
		6BE628432E5569CB00ACF60D /* StyleGenius.app */ = {isa = PBXFileReference; explicitFileType = wrapper.application; includeInIndex = 0; path = StyleGenius.app; sourceTree = BUILT_PRODUCTS_DIR; };
		6BE628542E56398C00ACF60D /* WardrobeView.swift */ = {isa = PBXFileReference; lastKnownFileType = sourcecode.swift; path = WardrobeView.swift; sourceTree = "<group>"; };
		6BE628562E5639AA00ACF60D /* OutfitsView.swift */ = {isa = PBXFileReference; lastKnownFileType = sourcecode.swift; path = OutfitsView.swift; sourceTree = "<group>"; };
		6BE628582E5639B900ACF60D /* StyleView.swift */ = {isa = PBXFileReference; lastKnownFileType = sourcecode.swift; path = StyleView.swift; sourceTree = "<group>"; };
		6BE6285A2E564DFC00ACF60D /* WelcomeView.swift */ = {isa = PBXFileReference; lastKnownFileType = sourcecode.swift; path = WelcomeView.swift; sourceTree = "<group>"; };
		6BE628702E58AD7E00ACF60D /* CategoryPicker.swift */ = {isa = PBXFileReference; lastKnownFileType = sourcecode.swift; path = CategoryPicker.swift; sourceTree = "<group>"; };
		6BE628722E58B09800ACF60D /* ClothingItem.swift */ = {isa = PBXFileReference; lastKnownFileType = sourcecode.swift; path = ClothingItem.swift; sourceTree = "<group>"; };
		6BE628742E58B19800ACF60D /* AddItemView.swift */ = {isa = PBXFileReference; lastKnownFileType = sourcecode.swift; path = AddItemView.swift; sourceTree = "<group>"; };
/* End PBXFileReference section */

/* Begin PBXFileSystemSynchronizedRootGroup section */
		6BE628452E5569CB00ACF60D /* StyleGenius */ = {
			isa = PBXFileSystemSynchronizedRootGroup;
			path = StyleGenius;
			sourceTree = "<group>";
		};
/* End PBXFileSystemSynchronizedRootGroup section */

/* Begin PBXFrameworksBuildPhase section */
		6BE628402E5569CB00ACF60D /* Frameworks */ = {
			isa = PBXFrameworksBuildPhase;
			buildActionMask = 2147483647;
			files = (
				6BC081A12E60CB8800351CA8 /* OpenAI in Frameworks */,
			);
			runOnlyForDeploymentPostprocessing = 0;
		};
/* End PBXFrameworksBuildPhase section */

/* Begin PBXGroup section */
		6BE6283A2E5569CB00ACF60D = {
			isa = PBXGroup;
			children = (
				6BC081A22E60D8D600351CA8 /* OpenAIService.swift */,
				6BC0819D2E60C76200351CA8 /* OccasionPickerView.swift */,
				6BB269C02E5D3C27006466CF /* StyleSelectorView.swift */,
				6BB269BB2E5B4219006466CF /* ItemDetailView.swift */,
				6BB269BD2E5B42BA006466CF /* EditItemView.swift */,
				6BE628742E58B19800ACF60D /* AddItemView.swift */,
				6BE628722E58B09800ACF60D /* ClothingItem.swift */,
				6BE628702E58AD7E00ACF60D /* CategoryPicker.swift */,
				6BE6285A2E564DFC00ACF60D /* WelcomeView.swift */,
				6BE628582E5639B900ACF60D /* StyleView.swift */,
				6BE628562E5639AA00ACF60D /* OutfitsView.swift */,
				6BE628542E56398C00ACF60D /* WardrobeView.swift */,
				6BE628452E5569CB00ACF60D /* StyleGenius */,
				6BE628442E5569CB00ACF60D /* Products */,
			);
			sourceTree = "<group>";
		};
		6BE628442E5569CB00ACF60D /* Products */ = {
			isa = PBXGroup;
			children = (
				6BE628432E5569CB00ACF60D /* StyleGenius.app */,
			);
			name = Products;
			sourceTree = "<group>";
		};
/* End PBXGroup section */

/* Begin PBXNativeTarget section */
		6BE628422E5569CB00ACF60D /* StyleGenius */ = {
			isa = PBXNativeTarget;
			buildConfigurationList = 6BE628512E5569CC00ACF60D /* Build configuration list for PBXNativeTarget "StyleGenius" */;
			buildPhases = (
				6BE6283F2E5569CB00ACF60D /* Sources */,
				6BE628402E5569CB00ACF60D /* Frameworks */,
				6BE628412E5569CB00ACF60D /* Resources */,
			);
			buildRules = (
			);
			dependencies = (
			);
			fileSystemSynchronizedGroups = (
				6BE628452E5569CB00ACF60D /* StyleGenius */,
			);
			name = StyleGenius;
			packageProductDependencies = (
				6BC081A02E60CB8800351CA8 /* OpenAI */,
			);
			productName = StyleGenius;
			productReference = 6BE628432E5569CB00ACF60D /* StyleGenius.app */;
			productType = "com.apple.product-type.application";
		};
/* End PBXNativeTarget section */

/* Begin PBXProject section */
		6BE6283B2E5569CB00ACF60D /* Project object */ = {
			isa = PBXProject;
			attributes = {
				BuildIndependentTargetsInParallel = 1;
				LastSwiftUpdateCheck = 1620;
				LastUpgradeCheck = 1620;
				TargetAttributes = {
					6BE628422E5569CB00ACF60D = {
						CreatedOnToolsVersion = 16.2;
					};
				};
			};
			buildConfigurationList = 6BE6283E2E5569CB00ACF60D /* Build configuration list for PBXProject "StyleGenius" */;
			developmentRegion = en;
			hasScannedForEncodings = 0;
			knownRegions = (
				en,
				Base,
			);
			mainGroup = 6BE6283A2E5569CB00ACF60D;
			minimizedProjectReferenceProxies = 1;
			packageReferences = (
				6BC0819F2E60CB8800351CA8 /* XCRemoteSwiftPackageReference "OpenAI" */,
			);
			preferredProjectObjectVersion = 77;
			productRefGroup = 6BE628442E5569CB00ACF60D /* Products */;
			projectDirPath = "";
			projectRoot = "";
			targets = (
				6BE628422E5569CB00ACF60D /* StyleGenius */,
			);
		};
/* End PBXProject section */

/* Begin PBXResourcesBuildPhase section */
		6BE628412E5569CB00ACF60D /* Resources */ = {
			isa = PBXResourcesBuildPhase;
			buildActionMask = 2147483647;
			files = (
			);
			runOnlyForDeploymentPostprocessing = 0;
		};
/* End PBXResourcesBuildPhase section */

/* Begin PBXSourcesBuildPhase section */
		6BE6283F2E5569CB00ACF60D /* Sources */ = {
			isa = PBXSourcesBuildPhase;
			buildActionMask = 2147483647;
			files = (
				6BB269BC2E5B4219006466CF /* ItemDetailView.swift in Sources */,
				6BE628592E5639B900ACF60D /* StyleView.swift in Sources */,
				6BE628752E58B19800ACF60D /* AddItemView.swift in Sources */,
				6BB269C12E5D3C27006466CF /* StyleSelectorView.swift in Sources */,
				6BE6285B2E564DFC00ACF60D /* WelcomeView.swift in Sources */,
				6BC081A32E60D8D600351CA8 /* OpenAIService.swift in Sources */,
				6BC0819E2E60C76200351CA8 /* OccasionPickerView.swift in Sources */,
				6BE628732E58B09800ACF60D /* ClothingItem.swift in Sources */,
				6BE628572E5639AA00ACF60D /* OutfitsView.swift in Sources */,
				6BB269BE2E5B42BA006466CF /* EditItemView.swift in Sources */,
				6BE628712E58AD7E00ACF60D /* CategoryPicker.swift in Sources */,
				6BE628552E56398C00ACF60D /* WardrobeView.swift in Sources */,
			);
			runOnlyForDeploymentPostprocessing = 0;
		};
/* End PBXSourcesBuildPhase section */

/* Begin XCBuildConfiguration section */
		6BE6284F2E5569CC00ACF60D /* Debug */ = {
			isa = XCBuildConfiguration;
			buildSettings = {
				ALWAYS_SEARCH_USER_PATHS = NO;
				ASSETCATALOG_COMPILER_GENERATE_SWIFT_ASSET_SYMBOL_EXTENSIONS = YES;
				CLANG_ANALYZER_NONNULL = YES;
				CLANG_ANALYZER_NUMBER_OBJECT_CONVERSION = YES_AGGRESSIVE;
				CLANG_CXX_LANGUAGE_STANDARD = "gnu++20";
				CLANG_ENABLE_MODULES = YES;
				CLANG_ENABLE_OBJC_ARC = YES;
				CLANG_ENABLE_OBJC_WEAK = YES;
				CLANG_WARN_BLOCK_CAPTURE_AUTORELEASING = YES;
				CLANG_WARN_BOOL_CONVERSION = YES;
				CLANG_WARN_COMMA = YES;
				CLANG_WARN_CONSTANT_CONVERSION = YES;
				CLANG_WARN_DEPRECATED_OBJC_IMPLEMENTATIONS = YES;
				CLANG_WARN_DIRECT_OBJC_ISA_USAGE = YES_ERROR;
				CLANG_WARN_DOCUMENTATION_COMMENTS = YES;
				CLANG_WARN_EMPTY_BODY = YES;
				CLANG_WARN_ENUM_CONVERSION = YES;
				CLANG_WARN_INFINITE_RECURSION = YES;
				CLANG_WARN_INT_CONVERSION = YES;
				CLANG_WARN_NON_LITERAL_NULL_CONVERSION = YES;
				CLANG_WARN_OBJC_IMPLICIT_RETAIN_SELF = YES;
				CLANG_WARN_OBJC_LITERAL_CONVERSION = YES;
				CLANG_WARN_OBJC_ROOT_CLASS = YES_ERROR;
				CLANG_WARN_QUOTED_INCLUDE_IN_FRAMEWORK_HEADER = YES;
				CLANG_WARN_RANGE_LOOP_ANALYSIS = YES;
				CLANG_WARN_STRICT_PROTOTYPES = YES;
				CLANG_WARN_SUSPICIOUS_MOVE = YES;
				CLANG_WARN_UNGUARDED_AVAILABILITY = YES_AGGRESSIVE;
				CLANG_WARN_UNREACHABLE_CODE = YES;
				CLANG_WARN__DUPLICATE_METHOD_MATCH = YES;
				COPY_PHASE_STRIP = NO;
				DEBUG_INFORMATION_FORMAT = dwarf;
				ENABLE_STRICT_OBJC_MSGSEND = YES;
				ENABLE_TESTABILITY = YES;
				ENABLE_USER_SCRIPT_SANDBOXING = YES;
				GCC_C_LANGUAGE_STANDARD = gnu17;
				GCC_DYNAMIC_NO_PIC = NO;
				GCC_NO_COMMON_BLOCKS = YES;
				GCC_OPTIMIZATION_LEVEL = 0;
				GCC_PREPROCESSOR_DEFINITIONS = (
					"DEBUG=1",
					"$(inherited)",
				);
				GCC_WARN_64_TO_32_BIT_CONVERSION = YES;
				GCC_WARN_ABOUT_RETURN_TYPE = YES_ERROR;
				GCC_WARN_UNDECLARED_SELECTOR = YES;
				GCC_WARN_UNINITIALIZED_AUTOS = YES_AGGRESSIVE;
				GCC_WARN_UNUSED_FUNCTION = YES;
				GCC_WARN_UNUSED_VARIABLE = YES;
				IPHONEOS_DEPLOYMENT_TARGET = 18.2;
				LOCALIZATION_PREFERS_STRING_CATALOGS = YES;
				MTL_ENABLE_DEBUG_INFO = INCLUDE_SOURCE;
				MTL_FAST_MATH = YES;
				ONLY_ACTIVE_ARCH = YES;
				SDKROOT = iphoneos;
				SWIFT_ACTIVE_COMPILATION_CONDITIONS = "DEBUG $(inherited)";
				SWIFT_OPTIMIZATION_LEVEL = "-Onone";
			};
			name = Debug;
		};
		6BE628502E5569CC00ACF60D /* Release */ = {
			isa = XCBuildConfiguration;
			buildSettings = {
				ALWAYS_SEARCH_USER_PATHS = NO;
				ASSETCATALOG_COMPILER_GENERATE_SWIFT_ASSET_SYMBOL_EXTENSIONS = YES;
				CLANG_ANALYZER_NONNULL = YES;
				CLANG_ANALYZER_NUMBER_OBJECT_CONVERSION = YES_AGGRESSIVE;
				CLANG_CXX_LANGUAGE_STANDARD = "gnu++20";
				CLANG_ENABLE_MODULES = YES;
				CLANG_ENABLE_OBJC_ARC = YES;
				CLANG_ENABLE_OBJC_WEAK = YES;
				CLANG_WARN_BLOCK_CAPTURE_AUTORELEASING = YES;
				CLANG_WARN_BOOL_CONVERSION = YES;
				CLANG_WARN_COMMA = YES;
				CLANG_WARN_CONSTANT_CONVERSION = YES;
				CLANG_WARN_DEPRECATED_OBJC_IMPLEMENTATIONS = YES;
				CLANG_WARN_DIRECT_OBJC_ISA_USAGE = YES_ERROR;
				CLANG_WARN_DOCUMENTATION_COMMENTS = YES;
				CLANG_WARN_EMPTY_BODY = YES;
				CLANG_WARN_ENUM_CONVERSION = YES;
				CLANG_WARN_INFINITE_RECURSION = YES;
				CLANG_WARN_INT_CONVERSION = YES;
				CLANG_WARN_NON_LITERAL_NULL_CONVERSION = YES;
				CLANG_WARN_OBJC_IMPLICIT_RETAIN_SELF = YES;
				CLANG_WARN_OBJC_LITERAL_CONVERSION = YES;
				CLANG_WARN_OBJC_ROOT_CLASS = YES_ERROR;
				CLANG_WARN_QUOTED_INCLUDE_IN_FRAMEWORK_HEADER = YES;
				CLANG_WARN_RANGE_LOOP_ANALYSIS = YES;
				CLANG_WARN_STRICT_PROTOTYPES = YES;
				CLANG_WARN_SUSPICIOUS_MOVE = YES;
				CLANG_WARN_UNGUARDED_AVAILABILITY = YES_AGGRESSIVE;
				CLANG_WARN_UNREACHABLE_CODE = YES;
				CLANG_WARN__DUPLICATE_METHOD_MATCH = YES;
				COPY_PHASE_STRIP = NO;
				DEBUG_INFORMATION_FORMAT = "dwarf-with-dsym";
				ENABLE_NS_ASSERTIONS = NO;
				ENABLE_STRICT_OBJC_MSGSEND = YES;
				ENABLE_USER_SCRIPT_SANDBOXING = YES;
				GCC_C_LANGUAGE_STANDARD = gnu17;
				GCC_NO_COMMON_BLOCKS = YES;
				GCC_WARN_64_TO_32_BIT_CONVERSION = YES;
				GCC_WARN_ABOUT_RETURN_TYPE = YES_ERROR;
				GCC_WARN_UNDECLARED_SELECTOR = YES;
				GCC_WARN_UNINITIALIZED_AUTOS = YES_AGGRESSIVE;
				GCC_WARN_UNUSED_FUNCTION = YES;
				GCC_WARN_UNUSED_VARIABLE = YES;
				IPHONEOS_DEPLOYMENT_TARGET = 18.2;
				LOCALIZATION_PREFERS_STRING_CATALOGS = YES;
				MTL_ENABLE_DEBUG_INFO = NO;
				MTL_FAST_MATH = YES;
				SDKROOT = iphoneos;
				SWIFT_COMPILATION_MODE = wholemodule;
				VALIDATE_PRODUCT = YES;
			};
			name = Release;
		};
		6BE628522E5569CC00ACF60D /* Debug */ = {
			isa = XCBuildConfiguration;
			buildSettings = {
				ASSETCATALOG_COMPILER_APPICON_NAME = AppIcon;
				ASSETCATALOG_COMPILER_GLOBAL_ACCENT_COLOR_NAME = AccentColor;
				CODE_SIGN_STYLE = Automatic;
				CURRENT_PROJECT_VERSION = 1;
				DEVELOPMENT_ASSET_PATHS = "\"StyleGenius/Preview Content\"";
				DEVELOPMENT_TEAM = P693323FPP;
				ENABLE_PREVIEWS = YES;
				GENERATE_INFOPLIST_FILE = YES;
				INFOPLIST_KEY_NSCameraUsageDescription = "";
				INFOPLIST_KEY_NSPhotoLibraryUsageDescription = "";
				INFOPLIST_KEY_UIApplicationSceneManifest_Generation = YES;
				INFOPLIST_KEY_UIApplicationSupportsIndirectInputEvents = YES;
				INFOPLIST_KEY_UILaunchScreen_Generation = YES;
				INFOPLIST_KEY_UISupportedInterfaceOrientations_iPad = "UIInterfaceOrientationPortrait UIInterfaceOrientationPortraitUpsideDown UIInterfaceOrientationLandscapeLeft UIInterfaceOrientationLandscapeRight";
				INFOPLIST_KEY_UISupportedInterfaceOrientations_iPhone = "UIInterfaceOrientationPortrait UIInterfaceOrientationLandscapeLeft UIInterfaceOrientationLandscapeRight";
				LD_RUNPATH_SEARCH_PATHS = (
					"$(inherited)",
					"@executable_path/Frameworks",
				);
				MARKETING_VERSION = 1.0;
				PRODUCT_BUNDLE_IDENTIFIER = com.ling.StyleGenius;
				PRODUCT_NAME = "$(TARGET_NAME)";
				SWIFT_EMIT_LOC_STRINGS = YES;
				SWIFT_VERSION = 5.0;
				TARGETED_DEVICE_FAMILY = "1,2";
			};
			name = Debug;
		};
		6BE628532E5569CC00ACF60D /* Release */ = {
			isa = XCBuildConfiguration;
			buildSettings = {
				ASSETCATALOG_COMPILER_APPICON_NAME = AppIcon;
				ASSETCATALOG_COMPILER_GLOBAL_ACCENT_COLOR_NAME = AccentColor;
				CODE_SIGN_STYLE = Automatic;
				CURRENT_PROJECT_VERSION = 1;
				DEVELOPMENT_ASSET_PATHS = "\"StyleGenius/Preview Content\"";
				DEVELOPMENT_TEAM = P693323FPP;
				ENABLE_PREVIEWS = YES;
				GENERATE_INFOPLIST_FILE = YES;
				INFOPLIST_KEY_NSCameraUsageDescription = "";
				INFOPLIST_KEY_NSPhotoLibraryUsageDescription = "";
				INFOPLIST_KEY_UIApplicationSceneManifest_Generation = YES;
				INFOPLIST_KEY_UIApplicationSupportsIndirectInputEvents = YES;
				INFOPLIST_KEY_UILaunchScreen_Generation = YES;
				INFOPLIST_KEY_UISupportedInterfaceOrientations_iPad = "UIInterfaceOrientationPortrait UIInterfaceOrientationPortraitUpsideDown UIInterfaceOrientationLandscapeLeft UIInterfaceOrientationLandscapeRight";
				INFOPLIST_KEY_UISupportedInterfaceOrientations_iPhone = "UIInterfaceOrientationPortrait UIInterfaceOrientationLandscapeLeft UIInterfaceOrientationLandscapeRight";
				LD_RUNPATH_SEARCH_PATHS = (
					"$(inherited)",
					"@executable_path/Frameworks",
				);
				MARKETING_VERSION = 1.0;
				PRODUCT_BUNDLE_IDENTIFIER = com.ling.StyleGenius;
				PRODUCT_NAME = "$(TARGET_NAME)";
				SWIFT_EMIT_LOC_STRINGS = YES;
				SWIFT_VERSION = 5.0;
				TARGETED_DEVICE_FAMILY = "1,2";
			};
			name = Release;
		};
/* End XCBuildConfiguration section */

/* Begin XCConfigurationList section */
		6BE6283E2E5569CB00ACF60D /* Build configuration list for PBXProject "StyleGenius" */ = {
			isa = XCConfigurationList;
			buildConfigurations = (
				6BE6284F2E5569CC00ACF60D /* Debug */,
				6BE628502E5569CC00ACF60D /* Release */,
			);
			defaultConfigurationIsVisible = 0;
			defaultConfigurationName = Release;
		};
		6BE628512E5569CC00ACF60D /* Build configuration list for PBXNativeTarget "StyleGenius" */ = {
			isa = XCConfigurationList;
			buildConfigurations = (
				6BE628522E5569CC00ACF60D /* Debug */,
				6BE628532E5569CC00ACF60D /* Release */,
			);
			defaultConfigurationIsVisible = 0;
			defaultConfigurationName = Release;
		};
/* End XCConfigurationList section */

/* Begin XCRemoteSwiftPackageReference section */
		6BC0819F2E60CB8800351CA8 /* XCRemoteSwiftPackageReference "OpenAI" */ = {
			isa = XCRemoteSwiftPackageReference;
			repositoryURL = "https://github.com/MacPaw/OpenAI";
			requirement = {
				kind = upToNextMajorVersion;
				minimumVersion = 0.4.6;
			};
		};
/* End XCRemoteSwiftPackageReference section */

/* Begin XCSwiftPackageProductDependency section */
		6BC081A02E60CB8800351CA8 /* OpenAI */ = {
			isa = XCSwiftPackageProductDependency;
			package = 6BC0819F2E60CB8800351CA8 /* XCRemoteSwiftPackageReference "OpenAI" */;
			productName = OpenAI;
		};
/* End XCSwiftPackageProductDependency section */
	};
	rootObject = 6BE6283B2E5569CB00ACF60D /* Project object */;
}
